// !$*UTF8*$!
{
	archiveVersion = 1;
	classes = {
	};
	objectVersion = 56;
	objects = {

/* Begin PBXBuildFile section */
		B1F112A7290497FC00BD2FBD /* TomatoAIApp.swift in Sources */ = {isa = PBXBuildFile; fileRef = B1F112A6290497FC00BD2FBD /* TomatoAIApp.swift */; };
		B1F112A9290497FC00BD2FBD /* GardenAreas.swift in Sources */ = {isa = PBXBuildFile; fileRef = B1F112A8290497FC00BD2FBD /* GardenAreas.swift */; };
		B1F112AB290497FE00BD2FBD /* Assets.xcassets in Resources */ = {isa = PBXBuildFile; fileRef = B1F112AA290497FE00BD2FBD /* Assets.xcassets */; };
		B1F112AE290497FE00BD2FBD /* Preview Assets.xcassets in Resources */ = {isa = PBXBuildFile; fileRef = B1F112AD290497FE00BD2FBD /* Preview Assets.xcassets */; };
		B1F112B8290497FE00BD2FBD /* TomatoAITests.swift in Sources */ = {isa = PBXBuildFile; fileRef = B1F112B7290497FE00BD2FBD /* TomatoAITests.swift */; };
		B1F112C2290497FE00BD2FBD /* TomatoAIUITests.swift in Sources */ = {isa = PBXBuildFile; fileRef = B1F112C1290497FE00BD2FBD /* TomatoAIUITests.swift */; };
		B1F112C4290497FE00BD2FBD /* TomatoAIUITestsLaunchTests.swift in Sources */ = {isa = PBXBuildFile; fileRef = B1F112C3290497FE00BD2FBD /* TomatoAIUITestsLaunchTests.swift */; };
		B1F112D129049D6F00BD2FBD /* GardenArea.swift in Sources */ = {isa = PBXBuildFile; fileRef = B1F112D029049D6F00BD2FBD /* GardenArea.swift */; };
		B1F112D32904B29F00BD2FBD /* GardenAreaView.swift in Sources */ = {isa = PBXBuildFile; fileRef = B1F112D22904B29F00BD2FBD /* GardenAreaView.swift */; };
		B1F112D52904B49A00BD2FBD /* PlantTimer.swift in Sources */ = {isa = PBXBuildFile; fileRef = B1F112D42904B49A00BD2FBD /* PlantTimer.swift */; };
		B1F112D72904B55400BD2FBD /* PlantTimerView.swift in Sources */ = {isa = PBXBuildFile; fileRef = B1F112D62904B55400BD2FBD /* PlantTimerView.swift */; };
		B1F112D92904C88E00BD2FBD /* CircularProgressView.swift in Sources */ = {isa = PBXBuildFile; fileRef = B1F112D82904C88E00BD2FBD /* CircularProgressView.swift */; };
/* End PBXBuildFile section */

/* Begin PBXContainerItemProxy section */
		B1F112B4290497FE00BD2FBD /* PBXContainerItemProxy */ = {
			isa = PBXContainerItemProxy;
			containerPortal = B1F1129B290497FC00BD2FBD /* Project object */;
			proxyType = 1;
			remoteGlobalIDString = B1F112A2290497FC00BD2FBD;
			remoteInfo = TomatoAI;
		};
		B1F112BE290497FE00BD2FBD /* PBXContainerItemProxy */ = {
			isa = PBXContainerItemProxy;
			containerPortal = B1F1129B290497FC00BD2FBD /* Project object */;
			proxyType = 1;
			remoteGlobalIDString = B1F112A2290497FC00BD2FBD;
			remoteInfo = TomatoAI;
		};
/* End PBXContainerItemProxy section */

/* Begin PBXFileReference section */
		B1F112A3290497FC00BD2FBD /* TomatoAI.app */ = {isa = PBXFileReference; explicitFileType = wrapper.application; includeInIndex = 0; path = TomatoAI.app; sourceTree = BUILT_PRODUCTS_DIR; };
		B1F112A6290497FC00BD2FBD /* TomatoAIApp.swift */ = {isa = PBXFileReference; lastKnownFileType = sourcecode.swift; path = TomatoAIApp.swift; sourceTree = "<group>"; };
		B1F112A8290497FC00BD2FBD /* GardenAreas.swift */ = {isa = PBXFileReference; lastKnownFileType = sourcecode.swift; path = GardenAreas.swift; sourceTree = "<group>"; };
		B1F112AA290497FE00BD2FBD /* Assets.xcassets */ = {isa = PBXFileReference; lastKnownFileType = folder.assetcatalog; path = Assets.xcassets; sourceTree = "<group>"; };
		B1F112AD290497FE00BD2FBD /* Preview Assets.xcassets */ = {isa = PBXFileReference; lastKnownFileType = folder.assetcatalog; path = "Preview Assets.xcassets"; sourceTree = "<group>"; };
		B1F112B3290497FE00BD2FBD /* TomatoAITests.xctest */ = {isa = PBXFileReference; explicitFileType = wrapper.cfbundle; includeInIndex = 0; path = TomatoAITests.xctest; sourceTree = BUILT_PRODUCTS_DIR; };
		B1F112B7290497FE00BD2FBD /* TomatoAITests.swift */ = {isa = PBXFileReference; lastKnownFileType = sourcecode.swift; path = TomatoAITests.swift; sourceTree = "<group>"; };
		B1F112BD290497FE00BD2FBD /* TomatoAIUITests.xctest */ = {isa = PBXFileReference; explicitFileType = wrapper.cfbundle; includeInIndex = 0; path = TomatoAIUITests.xctest; sourceTree = BUILT_PRODUCTS_DIR; };
		B1F112C1290497FE00BD2FBD /* TomatoAIUITests.swift */ = {isa = PBXFileReference; lastKnownFileType = sourcecode.swift; path = TomatoAIUITests.swift; sourceTree = "<group>"; };
		B1F112C3290497FE00BD2FBD /* TomatoAIUITestsLaunchTests.swift */ = {isa = PBXFileReference; lastKnownFileType = sourcecode.swift; path = TomatoAIUITestsLaunchTests.swift; sourceTree = "<group>"; };
		B1F112D029049D6F00BD2FBD /* GardenArea.swift */ = {isa = PBXFileReference; lastKnownFileType = sourcecode.swift; path = GardenArea.swift; sourceTree = "<group>"; };
		B1F112D22904B29F00BD2FBD /* GardenAreaView.swift */ = {isa = PBXFileReference; lastKnownFileType = sourcecode.swift; path = GardenAreaView.swift; sourceTree = "<group>"; };
		B1F112D42904B49A00BD2FBD /* PlantTimer.swift */ = {isa = PBXFileReference; lastKnownFileType = sourcecode.swift; path = PlantTimer.swift; sourceTree = "<group>"; };
		B1F112D62904B55400BD2FBD /* PlantTimerView.swift */ = {isa = PBXFileReference; lastKnownFileType = sourcecode.swift; path = PlantTimerView.swift; sourceTree = "<group>"; };
		B1F112D82904C88E00BD2FBD /* CircularProgressView.swift */ = {isa = PBXFileReference; lastKnownFileType = sourcecode.swift; path = CircularProgressView.swift; sourceTree = "<group>"; };
/* End PBXFileReference section */

/* Begin PBXFrameworksBuildPhase section */
		B1F112A0290497FC00BD2FBD /* Frameworks */ = {
			isa = PBXFrameworksBuildPhase;
			buildActionMask = 2147483647;
			files = (
			);
			runOnlyForDeploymentPostprocessing = 0;
		};
		B1F112B0290497FE00BD2FBD /* Frameworks */ = {
			isa = PBXFrameworksBuildPhase;
			buildActionMask = 2147483647;
			files = (
			);
			runOnlyForDeploymentPostprocessing = 0;
		};
		B1F112BA290497FE00BD2FBD /* Frameworks */ = {
			isa = PBXFrameworksBuildPhase;
			buildActionMask = 2147483647;
			files = (
			);
			runOnlyForDeploymentPostprocessing = 0;
		};
/* End PBXFrameworksBuildPhase section */

/* Begin PBXGroup section */
		B1F1129A290497FC00BD2FBD = {
			isa = PBXGroup;
			children = (
				B1F112A5290497FC00BD2FBD /* TomatoAI */,
				B1F112B6290497FE00BD2FBD /* TomatoAITests */,
				B1F112C0290497FE00BD2FBD /* TomatoAIUITests */,
				B1F112A4290497FC00BD2FBD /* Products */,
			);
			sourceTree = "<group>";
		};
		B1F112A4290497FC00BD2FBD /* Products */ = {
			isa = PBXGroup;
			children = (
				B1F112A3290497FC00BD2FBD /* TomatoAI.app */,
				B1F112B3290497FE00BD2FBD /* TomatoAITests.xctest */,
				B1F112BD290497FE00BD2FBD /* TomatoAIUITests.xctest */,
			);
			name = Products;
			sourceTree = "<group>";
		};
		B1F112A5290497FC00BD2FBD /* TomatoAI */ = {
			isa = PBXGroup;
			children = (
				B1F112A6290497FC00BD2FBD /* TomatoAIApp.swift */,
				B1F112A8290497FC00BD2FBD /* GardenAreas.swift */,
				B1F112AA290497FE00BD2FBD /* Assets.xcassets */,
				B1F112AC290497FE00BD2FBD /* Preview Content */,
				B1F112D029049D6F00BD2FBD /* GardenArea.swift */,
				B1F112D22904B29F00BD2FBD /* GardenAreaView.swift */,
				B1F112D42904B49A00BD2FBD /* PlantTimer.swift */,
				B1F112D62904B55400BD2FBD /* PlantTimerView.swift */,
				B1F112D82904C88E00BD2FBD /* CircularProgressView.swift */,
			);
			path = TomatoAI;
			sourceTree = "<group>";
		};
		B1F112AC290497FE00BD2FBD /* Preview Content */ = {
			isa = PBXGroup;
			children = (
				B1F112AD290497FE00BD2FBD /* Preview Assets.xcassets */,
			);
			path = "Preview Content";
			sourceTree = "<group>";
		};
		B1F112B6290497FE00BD2FBD /* TomatoAITests */ = {
			isa = PBXGroup;
			children = (
				B1F112B7290497FE00BD2FBD /* TomatoAITests.swift */,
			);
			path = TomatoAITests;
			sourceTree = "<group>";
		};
		B1F112C0290497FE00BD2FBD /* TomatoAIUITests */ = {
			isa = PBXGroup;
			children = (
				B1F112C1290497FE00BD2FBD /* TomatoAIUITests.swift */,
				B1F112C3290497FE00BD2FBD /* TomatoAIUITestsLaunchTests.swift */,
			);
			path = TomatoAIUITests;
			sourceTree = "<group>";
		};
/* End PBXGroup section */

/* Begin PBXNativeTarget section */
		B1F112A2290497FC00BD2FBD /* TomatoAI */ = {
			isa = PBXNativeTarget;
			buildConfigurationList = B1F112C7290497FE00BD2FBD /* Build configuration list for PBXNativeTarget "TomatoAI" */;
			buildPhases = (
				B1F1129F290497FC00BD2FBD /* Sources */,
				B1F112A0290497FC00BD2FBD /* Frameworks */,
				B1F112A1290497FC00BD2FBD /* Resources */,
			);
			buildRules = (
			);
			dependencies = (
			);
			name = TomatoAI;
			productName = TomatoAI;
			productReference = B1F112A3290497FC00BD2FBD /* TomatoAI.app */;
			productType = "com.apple.product-type.application";
		};
		B1F112B2290497FE00BD2FBD /* TomatoAITests */ = {
			isa = PBXNativeTarget;
			buildConfigurationList = B1F112CA290497FE00BD2FBD /* Build configuration list for PBXNativeTarget "TomatoAITests" */;
			buildPhases = (
				B1F112AF290497FE00BD2FBD /* Sources */,
				B1F112B0290497FE00BD2FBD /* Frameworks */,
				B1F112B1290497FE00BD2FBD /* Resources */,
			);
			buildRules = (
			);
			dependencies = (
				B1F112B5290497FE00BD2FBD /* PBXTargetDependency */,
			);
			name = TomatoAITests;
			productName = TomatoAITests;
			productReference = B1F112B3290497FE00BD2FBD /* TomatoAITests.xctest */;
			productType = "com.apple.product-type.bundle.unit-test";
		};
		B1F112BC290497FE00BD2FBD /* TomatoAIUITests */ = {
			isa = PBXNativeTarget;
			buildConfigurationList = B1F112CD290497FE00BD2FBD /* Build configuration list for PBXNativeTarget "TomatoAIUITests" */;
			buildPhases = (
				B1F112B9290497FE00BD2FBD /* Sources */,
				B1F112BA290497FE00BD2FBD /* Frameworks */,
				B1F112BB290497FE00BD2FBD /* Resources */,
			);
			buildRules = (
			);
			dependencies = (
				B1F112BF290497FE00BD2FBD /* PBXTargetDependency */,
			);
			name = TomatoAIUITests;
			productName = TomatoAIUITests;
			productReference = B1F112BD290497FE00BD2FBD /* TomatoAIUITests.xctest */;
			productType = "com.apple.product-type.bundle.ui-testing";
		};
/* End PBXNativeTarget section */

/* Begin PBXProject section */
		B1F1129B290497FC00BD2FBD /* Project object */ = {
			isa = PBXProject;
			attributes = {
				BuildIndependentTargetsInParallel = 1;
				LastSwiftUpdateCheck = 1400;
				LastUpgradeCheck = 1400;
				TargetAttributes = {
					B1F112A2290497FC00BD2FBD = {
						CreatedOnToolsVersion = 14.0.1;
					};
					B1F112B2290497FE00BD2FBD = {
						CreatedOnToolsVersion = 14.0.1;
						TestTargetID = B1F112A2290497FC00BD2FBD;
					};
					B1F112BC290497FE00BD2FBD = {
						CreatedOnToolsVersion = 14.0.1;
						TestTargetID = B1F112A2290497FC00BD2FBD;
					};
				};
			};
			buildConfigurationList = B1F1129E290497FC00BD2FBD /* Build configuration list for PBXProject "TomatoAI" */;
			compatibilityVersion = "Xcode 14.0";
			developmentRegion = en;
			hasScannedForEncodings = 0;
			knownRegions = (
				en,
				Base,
			);
			mainGroup = B1F1129A290497FC00BD2FBD;
			productRefGroup = B1F112A4290497FC00BD2FBD /* Products */;
			projectDirPath = "";
			projectRoot = "";
			targets = (
				B1F112A2290497FC00BD2FBD /* TomatoAI */,
				B1F112B2290497FE00BD2FBD /* TomatoAITests */,
				B1F112BC290497FE00BD2FBD /* TomatoAIUITests */,
			);
		};
/* End PBXProject section */

/* Begin PBXResourcesBuildPhase section */
		B1F112A1290497FC00BD2FBD /* Resources */ = {
			isa = PBXResourcesBuildPhase;
			buildActionMask = 2147483647;
			files = (
				B1F112AE290497FE00BD2FBD /* Preview Assets.xcassets in Resources */,
				B1F112AB290497FE00BD2FBD /* Assets.xcassets in Resources */,
			);
			runOnlyForDeploymentPostprocessing = 0;
		};
		B1F112B1290497FE00BD2FBD /* Resources */ = {
			isa = PBXResourcesBuildPhase;
			buildActionMask = 2147483647;
			files = (
			);
			runOnlyForDeploymentPostprocessing = 0;
		};
		B1F112BB290497FE00BD2FBD /* Resources */ = {
			isa = PBXResourcesBuildPhase;
			buildActionMask = 2147483647;
			files = (
			);
			runOnlyForDeploymentPostprocessing = 0;
		};
/* End PBXResourcesBuildPhase section */

/* Begin PBXSourcesBuildPhase section */
		B1F1129F290497FC00BD2FBD /* Sources */ = {
			isa = PBXSourcesBuildPhase;
			buildActionMask = 2147483647;
			files = (
				B1F112D32904B29F00BD2FBD /* GardenAreaView.swift in Sources */,
				B1F112A9290497FC00BD2FBD /* GardenAreas.swift in Sources */,
				B1F112D72904B55400BD2FBD /* PlantTimerView.swift in Sources */,
				B1F112D92904C88E00BD2FBD /* CircularProgressView.swift in Sources */,
				B1F112A7290497FC00BD2FBD /* TomatoAIApp.swift in Sources */,
				B1F112D129049D6F00BD2FBD /* GardenArea.swift in Sources */,
				B1F112D52904B49A00BD2FBD /* PlantTimer.swift in Sources */,
			);
			runOnlyForDeploymentPostprocessing = 0;
		};
		B1F112AF290497FE00BD2FBD /* Sources */ = {
			isa = PBXSourcesBuildPhase;
			buildActionMask = 2147483647;
			files = (
				B1F112B8290497FE00BD2FBD /* TomatoAITests.swift in Sources */,
			);
			runOnlyForDeploymentPostprocessing = 0;
		};
		B1F112B9290497FE00BD2FBD /* Sources */ = {
			isa = PBXSourcesBuildPhase;
			buildActionMask = 2147483647;
			files = (
				B1F112C4290497FE00BD2FBD /* TomatoAIUITestsLaunchTests.swift in Sources */,
				B1F112C2290497FE00BD2FBD /* TomatoAIUITests.swift in Sources */,
			);
			runOnlyForDeploymentPostprocessing = 0;
		};
/* End PBXSourcesBuildPhase section */

/* Begin PBXTargetDependency section */
		B1F112B5290497FE00BD2FBD /* PBXTargetDependency */ = {
			isa = PBXTargetDependency;
			target = B1F112A2290497FC00BD2FBD /* TomatoAI */;
			targetProxy = B1F112B4290497FE00BD2FBD /* PBXContainerItemProxy */;
		};
		B1F112BF290497FE00BD2FBD /* PBXTargetDependency */ = {
			isa = PBXTargetDependency;
			target = B1F112A2290497FC00BD2FBD /* TomatoAI */;
			targetProxy = B1F112BE290497FE00BD2FBD /* PBXContainerItemProxy */;
		};
/* End PBXTargetDependency section */

/* Begin XCBuildConfiguration section */
		B1F112C5290497FE00BD2FBD /* Debug */ = {
			isa = XCBuildConfiguration;
			buildSettings = {
				ALWAYS_SEARCH_USER_PATHS = NO;
				CLANG_ANALYZER_NONNULL = YES;
				CLANG_ANALYZER_NUMBER_OBJECT_CONVERSION = YES_AGGRESSIVE;
				CLANG_CXX_LANGUAGE_STANDARD = "gnu++20";
				CLANG_ENABLE_MODULES = YES;
				CLANG_ENABLE_OBJC_ARC = YES;
				CLANG_ENABLE_OBJC_WEAK = YES;
				CLANG_WARN_BLOCK_CAPTURE_AUTORELEASING = YES;
				CLANG_WARN_BOOL_CONVERSION = YES;
				CLANG_WARN_COMMA = YES;
				CLANG_WARN_CONSTANT_CONVERSION = YES;
				CLANG_WARN_DEPRECATED_OBJC_IMPLEMENTATIONS = YES;
				CLANG_WARN_DIRECT_OBJC_ISA_USAGE = YES_ERROR;
				CLANG_WARN_DOCUMENTATION_COMMENTS = YES;
				CLANG_WARN_EMPTY_BODY = YES;
				CLANG_WARN_ENUM_CONVERSION = YES;
				CLANG_WARN_INFINITE_RECURSION = YES;
				CLANG_WARN_INT_CONVERSION = YES;
				CLANG_WARN_NON_LITERAL_NULL_CONVERSION = YES;
				CLANG_WARN_OBJC_IMPLICIT_RETAIN_SELF = YES;
				CLANG_WARN_OBJC_LITERAL_CONVERSION = YES;
				CLANG_WARN_OBJC_ROOT_CLASS = YES_ERROR;
				CLANG_WARN_QUOTED_INCLUDE_IN_FRAMEWORK_HEADER = YES;
				CLANG_WARN_RANGE_LOOP_ANALYSIS = YES;
				CLANG_WARN_STRICT_PROTOTYPES = YES;
				CLANG_WARN_SUSPICIOUS_MOVE = YES;
				CLANG_WARN_UNGUARDED_AVAILABILITY = YES_AGGRESSIVE;
				CLANG_WARN_UNREACHABLE_CODE = YES;
				CLANG_WARN__DUPLICATE_METHOD_MATCH = YES;
				COPY_PHASE_STRIP = NO;
				DEBUG_INFORMATION_FORMAT = dwarf;
				ENABLE_STRICT_OBJC_MSGSEND = YES;
				ENABLE_TESTABILITY = YES;
				GCC_C_LANGUAGE_STANDARD = gnu11;
				GCC_DYNAMIC_NO_PIC = NO;
				GCC_NO_COMMON_BLOCKS = YES;
				GCC_OPTIMIZATION_LEVEL = 0;
				GCC_PREPROCESSOR_DEFINITIONS = (
					"DEBUG=1",
					"$(inherited)",
				);
				GCC_WARN_64_TO_32_BIT_CONVERSION = YES;
				GCC_WARN_ABOUT_RETURN_TYPE = YES_ERROR;
				GCC_WARN_UNDECLARED_SELECTOR = YES;
				GCC_WARN_UNINITIALIZED_AUTOS = YES_AGGRESSIVE;
				GCC_WARN_UNUSED_FUNCTION = YES;
				GCC_WARN_UNUSED_VARIABLE = YES;
				IPHONEOS_DEPLOYMENT_TARGET = 16.0;
				MTL_ENABLE_DEBUG_INFO = INCLUDE_SOURCE;
				MTL_FAST_MATH = YES;
				ONLY_ACTIVE_ARCH = YES;
				SDKROOT = iphoneos;
				SWIFT_ACTIVE_COMPILATION_CONDITIONS = DEBUG;
				SWIFT_OPTIMIZATION_LEVEL = "-Onone";
			};
			name = Debug;
		};
		B1F112C6290497FE00BD2FBD /* Release */ = {
			isa = XCBuildConfiguration;
			buildSettings = {
				ALWAYS_SEARCH_USER_PATHS = NO;
				CLANG_ANALYZER_NONNULL = YES;
				CLANG_ANALYZER_NUMBER_OBJECT_CONVERSION = YES_AGGRESSIVE;
				CLANG_CXX_LANGUAGE_STANDARD = "gnu++20";
				CLANG_ENABLE_MODULES = YES;
				CLANG_ENABLE_OBJC_ARC = YES;
				CLANG_ENABLE_OBJC_WEAK = YES;
				CLANG_WARN_BLOCK_CAPTURE_AUTORELEASING = YES;
				CLANG_WARN_BOOL_CONVERSION = YES;
				CLANG_WARN_COMMA = YES;
				CLANG_WARN_CONSTANT_CONVERSION = YES;
				CLANG_WARN_DEPRECATED_OBJC_IMPLEMENTATIONS = YES;
				CLANG_WARN_DIRECT_OBJC_ISA_USAGE = YES_ERROR;
				CLANG_WARN_DOCUMENTATION_COMMENTS = YES;
				CLANG_WARN_EMPTY_BODY = YES;
				CLANG_WARN_ENUM_CONVERSION = YES;
				CLANG_WARN_INFINITE_RECURSION = YES;
				CLANG_WARN_INT_CONVERSION = YES;
				CLANG_WARN_NON_LITERAL_NULL_CONVERSION = YES;
				CLANG_WARN_OBJC_IMPLICIT_RETAIN_SELF = YES;
				CLANG_WARN_OBJC_LITERAL_CONVERSION = YES;
				CLANG_WARN_OBJC_ROOT_CLASS = YES_ERROR;
				CLANG_WARN_QUOTED_INCLUDE_IN_FRAMEWORK_HEADER = YES;
				CLANG_WARN_RANGE_LOOP_ANALYSIS = YES;
				CLANG_WARN_STRICT_PROTOTYPES = YES;
				CLANG_WARN_SUSPICIOUS_MOVE = YES;
				CLANG_WARN_UNGUARDED_AVAILABILITY = YES_AGGRESSIVE;
				CLANG_WARN_UNREACHABLE_CODE = YES;
				CLANG_WARN__DUPLICATE_METHOD_MATCH = YES;
				COPY_PHASE_STRIP = NO;
				DEBUG_INFORMATION_FORMAT = "dwarf-with-dsym";
				ENABLE_NS_ASSERTIONS = NO;
				ENABLE_STRICT_OBJC_MSGSEND = YES;
				GCC_C_LANGUAGE_STANDARD = gnu11;
				GCC_NO_COMMON_BLOCKS = YES;
				GCC_WARN_64_TO_32_BIT_CONVERSION = YES;
				GCC_WARN_ABOUT_RETURN_TYPE = YES_ERROR;
				GCC_WARN_UNDECLARED_SELECTOR = YES;
				GCC_WARN_UNINITIALIZED_AUTOS = YES_AGGRESSIVE;
				GCC_WARN_UNUSED_FUNCTION = YES;
				GCC_WARN_UNUSED_VARIABLE = YES;
				IPHONEOS_DEPLOYMENT_TARGET = 16.0;
				MTL_ENABLE_DEBUG_INFO = NO;
				MTL_FAST_MATH = YES;
				SDKROOT = iphoneos;
				SWIFT_COMPILATION_MODE = wholemodule;
				SWIFT_OPTIMIZATION_LEVEL = "-O";
				VALIDATE_PRODUCT = YES;
			};
			name = Release;
		};
		B1F112C8290497FE00BD2FBD /* Debug */ = {
			isa = XCBuildConfiguration;
			buildSettings = {
				ASSETCATALOG_COMPILER_APPICON_NAME = AppIcon;
				ASSETCATALOG_COMPILER_GLOBAL_ACCENT_COLOR_NAME = AccentColor;
				CODE_SIGN_STYLE = Automatic;
				CURRENT_PROJECT_VERSION = 1;
				DEVELOPMENT_ASSET_PATHS = "\"TomatoAI/Preview Content\"";
				ENABLE_PREVIEWS = YES;
				GENERATE_INFOPLIST_FILE = YES;
				INFOPLIST_KEY_UIApplicationSceneManifest_Generation = YES;
				INFOPLIST_KEY_UIApplicationSupportsIndirectInputEvents = YES;
				INFOPLIST_KEY_UILaunchScreen_Generation = YES;
				INFOPLIST_KEY_UISupportedInterfaceOrientations_iPad = "UIInterfaceOrientationPortrait UIInterfaceOrientationPortraitUpsideDown UIInterfaceOrientationLandscapeLeft UIInterfaceOrientationLandscapeRight";
				INFOPLIST_KEY_UISupportedInterfaceOrientations_iPhone = "UIInterfaceOrientationPortrait UIInterfaceOrientationLandscapeLeft UIInterfaceOrientationLandscapeRight";
				LD_RUNPATH_SEARCH_PATHS = (
					"$(inherited)",
					"@executable_path/Frameworks",
				);
				MARKETING_VERSION = 1.0;
				PRODUCT_BUNDLE_IDENTIFIER = tech.TomatoAI;
				PRODUCT_NAME = "$(TARGET_NAME)";
				SWIFT_EMIT_LOC_STRINGS = YES;
				SWIFT_VERSION = 5.0;
				TARGETED_DEVICE_FAMILY = "1,2";
			};
			name = Debug;
		};
		B1F112C9290497FE00BD2FBD /* Release */ = {
			isa = XCBuildConfiguration;
			buildSettings = {
				ASSETCATALOG_COMPILER_APPICON_NAME = AppIcon;
				ASSETCATALOG_COMPILER_GLOBAL_ACCENT_COLOR_NAME = AccentColor;
				CODE_SIGN_STYLE = Automatic;
				CURRENT_PROJECT_VERSION = 1;
				DEVELOPMENT_ASSET_PATHS = "\"TomatoAI/Preview Content\"";
				ENABLE_PREVIEWS = YES;
				GENERATE_INFOPLIST_FILE = YES;
				INFOPLIST_KEY_UIApplicationSceneManifest_Generation = YES;
				INFOPLIST_KEY_UIApplicationSupportsIndirectInputEvents = YES;
				INFOPLIST_KEY_UILaunchScreen_Generation = YES;
				INFOPLIST_KEY_UISupportedInterfaceOrientations_iPad = "UIInterfaceOrientationPortrait UIInterfaceOrientationPortraitUpsideDown UIInterfaceOrientationLandscapeLeft UIInterfaceOrientationLandscapeRight";
				INFOPLIST_KEY_UISupportedInterfaceOrientations_iPhone = "UIInterfaceOrientationPortrait UIInterfaceOrientationLandscapeLeft UIInterfaceOrientationLandscapeRight";
				LD_RUNPATH_SEARCH_PATHS = (
					"$(inherited)",
					"@executable_path/Frameworks",
				);
				MARKETING_VERSION = 1.0;
				PRODUCT_BUNDLE_IDENTIFIER = tech.TomatoAI;
				PRODUCT_NAME = "$(TARGET_NAME)";
				SWIFT_EMIT_LOC_STRINGS = YES;
				SWIFT_VERSION = 5.0;
				TARGETED_DEVICE_FAMILY = "1,2";
			};
			name = Release;
		};
		B1F112CB290497FE00BD2FBD /* Debug */ = {
			isa = XCBuildConfiguration;
			buildSettings = {
				ALWAYS_EMBED_SWIFT_STANDARD_LIBRARIES = YES;
				BUNDLE_LOADER = "$(TEST_HOST)";
				CODE_SIGN_STYLE = Automatic;
				CURRENT_PROJECT_VERSION = 1;
				GENERATE_INFOPLIST_FILE = YES;
				IPHONEOS_DEPLOYMENT_TARGET = 16.0;
				MARKETING_VERSION = 1.0;
				PRODUCT_BUNDLE_IDENTIFIER = tech.TomatoAITests;
				PRODUCT_NAME = "$(TARGET_NAME)";
				SWIFT_EMIT_LOC_STRINGS = NO;
				SWIFT_VERSION = 5.0;
				TARGETED_DEVICE_FAMILY = "1,2";
				TEST_HOST = "$(BUILT_PRODUCTS_DIR)/TomatoAI.app/$(BUNDLE_EXECUTABLE_FOLDER_PATH)/TomatoAI";
			};
			name = Debug;
		};
		B1F112CC290497FE00BD2FBD /* Release */ = {
			isa = XCBuildConfiguration;
			buildSettings = {
				ALWAYS_EMBED_SWIFT_STANDARD_LIBRARIES = YES;
				BUNDLE_LOADER = "$(TEST_HOST)";
				CODE_SIGN_STYLE = Automatic;
				CURRENT_PROJECT_VERSION = 1;
				GENERATE_INFOPLIST_FILE = YES;
				IPHONEOS_DEPLOYMENT_TARGET = 16.0;
				MARKETING_VERSION = 1.0;
				PRODUCT_BUNDLE_IDENTIFIER = tech.TomatoAITests;
				PRODUCT_NAME = "$(TARGET_NAME)";
				SWIFT_EMIT_LOC_STRINGS = NO;
				SWIFT_VERSION = 5.0;
				TARGETED_DEVICE_FAMILY = "1,2";
				TEST_HOST = "$(BUILT_PRODUCTS_DIR)/TomatoAI.app/$(BUNDLE_EXECUTABLE_FOLDER_PATH)/TomatoAI";
			};
			name = Release;
		};
		B1F112CE290497FE00BD2FBD /* Debug */ = {
			isa = XCBuildConfiguration;
			buildSettings = {
				ALWAYS_EMBED_SWIFT_STANDARD_LIBRARIES = YES;
				CODE_SIGN_STYLE = Automatic;
				CURRENT_PROJECT_VERSION = 1;
				GENERATE_INFOPLIST_FILE = YES;
				MARKETING_VERSION = 1.0;
				PRODUCT_BUNDLE_IDENTIFIER = tech.TomatoAIUITests;
				PRODUCT_NAME = "$(TARGET_NAME)";
				SWIFT_EMIT_LOC_STRINGS = NO;
				SWIFT_VERSION = 5.0;
				TARGETED_DEVICE_FAMILY = "1,2";
				TEST_TARGET_NAME = TomatoAI;
			};
			name = Debug;
		};
		B1F112CF290497FE00BD2FBD /* Release */ = {
			isa = XCBuildConfiguration;
			buildSettings = {
				ALWAYS_EMBED_SWIFT_STANDARD_LIBRARIES = YES;
				CODE_SIGN_STYLE = Automatic;
				CURRENT_PROJECT_VERSION = 1;
				GENERATE_INFOPLIST_FILE = YES;
				MARKETING_VERSION = 1.0;
				PRODUCT_BUNDLE_IDENTIFIER = tech.TomatoAIUITests;
				PRODUCT_NAME = "$(TARGET_NAME)";
				SWIFT_EMIT_LOC_STRINGS = NO;
				SWIFT_VERSION = 5.0;
				TARGETED_DEVICE_FAMILY = "1,2";
				TEST_TARGET_NAME = TomatoAI;
			};
			name = Release;
		};
/* End XCBuildConfiguration section */

/* Begin XCConfigurationList section */
		B1F1129E290497FC00BD2FBD /* Build configuration list for PBXProject "TomatoAI" */ = {
			isa = XCConfigurationList;
			buildConfigurations = (
				B1F112C5290497FE00BD2FBD /* Debug */,
				B1F112C6290497FE00BD2FBD /* Release */,
			);
			defaultConfigurationIsVisible = 0;
			defaultConfigurationName = Release;
		};
		B1F112C7290497FE00BD2FBD /* Build configuration list for PBXNativeTarget "TomatoAI" */ = {
			isa = XCConfigurationList;
			buildConfigurations = (
				B1F112C8290497FE00BD2FBD /* Debug */,
				B1F112C9290497FE00BD2FBD /* Release */,
			);
			defaultConfigurationIsVisible = 0;
			defaultConfigurationName = Release;
		};
		B1F112CA290497FE00BD2FBD /* Build configuration list for PBXNativeTarget "TomatoAITests" */ = {
			isa = XCConfigurationList;
			buildConfigurations = (
				B1F112CB290497FE00BD2FBD /* Debug */,
				B1F112CC290497FE00BD2FBD /* Release */,
			);
			defaultConfigurationIsVisible = 0;
			defaultConfigurationName = Release;
		};
		B1F112CD290497FE00BD2FBD /* Build configuration list for PBXNativeTarget "TomatoAIUITests" */ = {
			isa = XCConfigurationList;
			buildConfigurations = (
				B1F112CE290497FE00BD2FBD /* Debug */,
				B1F112CF290497FE00BD2FBD /* Release */,
			);
			defaultConfigurationIsVisible = 0;
			defaultConfigurationName = Release;
		};
/* End XCConfigurationList section */
	};
	rootObject = B1F1129B290497FC00BD2FBD /* Project object */;
}
